
Microsoft Visual Studio Solution File, Format Version 12.00
# Visual Studio Version 16
VisualStudioVersion = 16.0.33529.622
MinimumVisualStudioVersion = 10.0.40219.1
Project("{9A19103F-16F7-4668-BE54-9A1E7A4F7556}") = "PrimeFactors", "PrimeFactors.csproj", "{AFB128CB-532D-416B-B9AE-1960702EECE5}"
EndProject
Project("{FAE04EC0-301F-11D3-BF4B-00C04F79EFBC}") = "PrimeFactorsTestProject", "..\PrimeFactorsTestProject\PrimeFactorsTestProject.csproj", "{5961A3C8-5CC9-484F-9644-85A43782F7C3}"
EndProject
Global
	GlobalSection(SolutionConfigurationPlatforms) = preSolution
		Debug|Any CPU = Debug|Any CPU
		Release|Any CPU = Release|Any CPU
	EndGlobalSection
	GlobalSection(ProjectConfigurationPlatforms) = postSolution
		{AFB128CB-532D-416B-B9AE-1960702EECE5}.Debug|Any CPU.ActiveCfg = Debug|Any CPU
		{AFB128CB-532D-416B-B9AE-1960702EECE5}.Debug|Any CPU.Build.0 = Debug|Any CPU
		{AFB128CB-532D-416B-B9AE-1960702EECE5}.Release|Any CPU.ActiveCfg = Release|Any CPU
		{AFB128CB-532D-416B-B9AE-1960702EECE5}.Release|Any CPU.Build.0 = Release|Any CPU
		{5961A3C8-5CC9-484F-9644-85A43782F7C3}.Debug|Any CPU.ActiveCfg = Debug|Any CPU
		{5961A3C8-5CC9-484F-9644-85A43782F7C3}.Debug|Any CPU.Build.0 = Debug|Any CPU
		{5961A3C8-5CC9-484F-9644-85A43782F7C3}.Release|Any CPU.ActiveCfg = Release|Any CPU
		{5961A3C8-5CC9-484F-9644-85A43782F7C3}.Release|Any CPU.Build.0 = Release|Any CPU
	EndGlobalSection
	GlobalSection(SolutionProperties) = preSolution
		HideSolutionNode = FALSE
	EndGlobalSection
	GlobalSection(ExtensibilityGlobals) = postSolution
		SolutionGuid = {0CAAA6A6-3ADE-448B-8DB8-117570F30A46}
	EndGlobalSection
EndGlobal
